{
  "lockfile_version": "1",
  "packages": {
    "caddy@latest": {
      "last_modified": "2024-03-22T11:26:23Z",
      "plugin_version": "0.0.3",
      "resolved": "github:NixOS/nixpkgs/a3ed7406349a9335cb4c2a71369b697cecd9d351#caddy",
      "source": "devbox-search",
      "version": "2.7.6",
      "systems": {
        "aarch64-darwin": {
          "outputs": [
            {
              "name": "out",
              "path": "/nix/store/aahi0rwr09z89dyds0xmz08dzdi2c0wm-caddy-2.7.6",
              "default": true
            }
          ],
          "store_path": "/nix/store/aahi0rwr09z89dyds0xmz08dzdi2c0wm-caddy-2.7.6"
        },
        "aarch64-linux": {
          "outputs": [
            {
              "name": "out",
              "path": "/nix/store/13x92aidk6jxx9j3zbz1pzkrqrq32hyc-caddy-2.7.6",
              "default": true
            }
          ],
          "store_path": "/nix/store/13x92aidk6jxx9j3zbz1pzkrqrq32hyc-caddy-2.7.6"
        },
        "x86_64-darwin": {
          "outputs": [
            {
              "name": "out",
              "path": "/nix/store/sljaiwbz7gpdg14ssh4f8n7pm6kkqrx6-caddy-2.7.6",
              "default": true
            }
          ],
          "store_path": "/nix/store/sljaiwbz7gpdg14ssh4f8n7pm6kkqrx6-caddy-2.7.6"
        },
        "x86_64-linux": {
          "outputs": [
            {
              "name": "out",
              "path": "/nix/store/rj2rh5cyykgb5l0n7923h904j2pc45n0-caddy-2.7.6",
              "default": true
            }
          ],
          "store_path": "/nix/store/rj2rh5cyykgb5l0n7923h904j2pc45n0-caddy-2.7.6"
        }
      }
    },
    "elixir@latest": {
      "last_modified": "2024-02-24T23:06:34Z",
      "resolved": "github:NixOS/nixpkgs/9a9dae8f6319600fa9aebde37f340975cab4b8c0#elixir",
      "source": "devbox-search",
      "version": "1.15.7",
      "systems": {
        "aarch64-darwin": {
          "store_path": "/nix/store/fpjsxvfg9jyqivinpzfrn0h9i7pmsbrf-elixir-1.15.7"
        },
        "aarch64-linux": {
          "store_path": "/nix/store/n8vvbncmrv2zpg9mkwqyzy8yr6xapjab-elixir-1.15.7"
        },
        "x86_64-darwin": {
          "store_path": "/nix/store/vybr838agjmdbp9b1dzc46xcpvmrq1hp-elixir-1.15.7"
        },
        "x86_64-linux": {
          "store_path": "/nix/store/4yy7bh6f9bq3pcz1yv9lnxcvnxsqs9cy-elixir-1.15.7"
        }
      }
    },
    "erlang@latest": {
      "last_modified": "2024-02-24T23:06:34Z",
      "resolved": "github:NixOS/nixpkgs/9a9dae8f6319600fa9aebde37f340975cab4b8c0#erlang",
      "source": "devbox-search",
      "version": "25.3.2.9",
      "systems": {
        "aarch64-darwin": {
          "store_path": "/nix/store/j1i05whg8r2m66lh8an0pwrfjf3c5wil-erlang-25.3.2.9"
        },
        "aarch64-linux": {
          "store_path": "/nix/store/8xymishwic0gpcpb4sbr90sbnbm4fpaf-erlang-25.3.2.9"
        },
        "x86_64-darwin": {
          "store_path": "/nix/store/ifyigc7c1x56i7xf5q89if3j44p12lk7-erlang-25.3.2.9"
        },
        "x86_64-linux": {
          "store_path": "/nix/store/xang45qlfdvpcfmc4l84dz981blnk1dl-erlang-25.3.2.9"
        }
      }
    },
    "nodejs@latest": {
      "last_modified": "2024-02-24T23:06:34Z",
      "plugin_version": "0.0.2",
      "resolved": "github:NixOS/nixpkgs/9a9dae8f6319600fa9aebde37f340975cab4b8c0#nodejs_21",
      "source": "devbox-search",
      "version": "21.6.2",
      "systems": {
        "aarch64-darwin": {
          "store_path": "/nix/store/n9xcy53g63rk8vwb2yx5fb7i72rprpd1-nodejs-21.6.2"
        },
        "aarch64-linux": {
          "store_path": "/nix/store/mqvmpikgnk7bxvi977ysd0z81bjpflzj-nodejs-21.6.2"
        },
        "x86_64-darwin": {
          "store_path": "/nix/store/mdwxb1kdajvahhbpq3dhnaf3b01h7yb8-nodejs-21.6.2"
        },
        "x86_64-linux": {
          "store_path": "/nix/store/va3sggfgfb709lm31bzvpjfyapjdy435-nodejs-21.6.2"
        }
      }
    }
  }
}
