{
  "lockfile_version": "1",
  "packages": {
    "elixir@latest": {
      "last_modified": "2024-02-24T23:06:34Z",
      "resolved": "github:NixOS/nixpkgs/9a9dae8f6319600fa9aebde37f340975cab4b8c0#elixir",
      "source": "devbox-search",
      "version": "1.15.7",
      "systems": {
        "aarch64-darwin": {
          "store_path": "/nix/store/fpjsxvfg9jyqivinpzfrn0h9i7pmsbrf-elixir-1.15.7"
        },
        "aarch64-linux": {
          "store_path": "/nix/store/n8vvbncmrv2zpg9mkwqyzy8yr6xapjab-elixir-1.15.7"
        },
        "x86_64-darwin": {
          "store_path": "/nix/store/vybr838agjmdbp9b1dzc46xcpvmrq1hp-elixir-1.15.7"
        },
        "x86_64-linux": {
          "store_path": "/nix/store/4yy7bh6f9bq3pcz1yv9lnxcvnxsqs9cy-elixir-1.15.7"
        }
      }
    },
    "erlang@latest": {
      "last_modified": "2024-02-24T23:06:34Z",
      "resolved": "github:NixOS/nixpkgs/9a9dae8f6319600fa9aebde37f340975cab4b8c0#erlang",
      "source": "devbox-search",
      "version": "25.3.2.9",
      "systems": {
        "aarch64-darwin": {
          "store_path": "/nix/store/j1i05whg8r2m66lh8an0pwrfjf3c5wil-erlang-25.3.2.9"
        },
        "aarch64-linux": {
          "store_path": "/nix/store/8xymishwic0gpcpb4sbr90sbnbm4fpaf-erlang-25.3.2.9"
        },
        "x86_64-darwin": {
          "store_path": "/nix/store/ifyigc7c1x56i7xf5q89if3j44p12lk7-erlang-25.3.2.9"
        },
        "x86_64-linux": {
          "store_path": "/nix/store/xang45qlfdvpcfmc4l84dz981blnk1dl-erlang-25.3.2.9"
        }
      }
    },
    "nodejs@latest": {
      "last_modified": "2024-02-24T23:06:34Z",
      "resolved": "github:NixOS/nixpkgs/9a9dae8f6319600fa9aebde37f340975cab4b8c0#nodejs_21",
      "source": "devbox-search",
      "version": "21.6.2",
      "systems": {
        "aarch64-darwin": {
          "store_path": "/nix/store/n9xcy53g63rk8vwb2yx5fb7i72rprpd1-nodejs-21.6.2"
        },
        "aarch64-linux": {
          "store_path": "/nix/store/mqvmpikgnk7bxvi977ysd0z81bjpflzj-nodejs-21.6.2"
        },
        "x86_64-darwin": {
          "store_path": "/nix/store/mdwxb1kdajvahhbpq3dhnaf3b01h7yb8-nodejs-21.6.2"
        },
        "x86_64-linux": {
          "store_path": "/nix/store/va3sggfgfb709lm31bzvpjfyapjdy435-nodejs-21.6.2"
        }
      }
    }
  }
}
